{
  "version": "2",
  "remote": {
    "https://deno.land/std@0.150.0/media_types/_util.ts": "ce9b4fc4ba1c447dafab619055e20fd88236ca6bdd7834a21f98bd193c3fbfa1",
    "https://deno.land/std@0.150.0/media_types/mod.ts": "2d4b6f32a087029272dc59e0a55ae3cc4d1b27b794ccf528e94b1925795b3118",
    "https://deno.land/std@0.150.0/media_types/vendor/mime-db.v1.52.0.ts": "724cee25fa40f1a52d3937d6b4fbbfdd7791ff55e1b7ac08d9319d5632c7f5af",
    "https://deno.land/std@0.160.0/crypto/timing_safe_equal.ts": "82a29b737bc8932d75d7a20c404136089d5d23629e94ba14efa98a8cc066c73e",
    "https://deno.land/std@0.160.0/fmt/colors.ts": "9e36a716611dcd2e4865adea9c4bec916b5c60caad4cdcdc630d4974e6bb8bd4",
    "https://deno.land/std@0.160.0/testing/_diff.ts": "a23e7fc2b4d8daa3e158fa06856bedf5334ce2a2831e8bf9e509717f455adb2c",
    "https://deno.land/std@0.160.0/testing/_format.ts": "cd11136e1797791045e639e9f0f4640d5b4166148796cad37e6ef75f7d7f3832",
    "https://deno.land/std@0.160.0/testing/asserts.ts": "1e340c589853e82e0807629ba31a43c84ebdcdeca910c4a9705715dfdb0f5ce8",
    "https://deno.land/std@0.195.0/_util/diff.ts": "1a3c044aedf77647d6cac86b798c6417603361b66b54c53331b312caeb447aea",
    "https://deno.land/std@0.195.0/assert/_constants.ts": "8a9da298c26750b28b326b297316cdde860bc237533b07e1337c021379e6b2a9",
    "https://deno.land/std@0.195.0/assert/_format.ts": "a69126e8a469009adf4cf2a50af889aca364c349797e63174884a52ff75cf4c7",
    "https://deno.land/std@0.195.0/assert/assert.ts": "9a97dad6d98c238938e7540736b826440ad8c1c1e54430ca4c4e623e585607ee",
    "https://deno.land/std@0.195.0/assert/assert_almost_equals.ts": "e15ca1f34d0d5e0afae63b3f5d975cbd18335a132e42b0c747d282f62ad2cd6c",
    "https://deno.land/std@0.195.0/assert/assert_array_includes.ts": "6856d7f2c3544bc6e62fb4646dfefa3d1df5ff14744d1bca19f0cbaf3b0d66c9",
    "https://deno.land/std@0.195.0/assert/assert_equals.ts": "a0ee60574e437bcab2dcb79af9d48dc88845f8fd559468d9c21b15fd638ef943",
    "https://deno.land/std@0.195.0/assert/assert_exists.ts": "407cb6b9fb23a835cd8d5ad804e2e2edbbbf3870e322d53f79e1c7a512e2efd7",
    "https://deno.land/std@0.195.0/assert/assert_false.ts": "a9962749f4bf5844e3fa494257f1de73d69e4fe0e82c34d0099287552163a2dc",
    "https://deno.land/std@0.195.0/assert/assert_instance_of.ts": "09fd297352a5b5bbb16da2b5e1a0d8c6c44da5447772648622dcc7df7af1ddb8",
    "https://deno.land/std@0.195.0/assert/assert_is_error.ts": "b4eae4e5d182272efc172bf28e2e30b86bb1650cd88aea059e5d2586d4160fb9",
    "https://deno.land/std@0.195.0/assert/assert_match.ts": "c4083f80600bc190309903c95e397a7c9257ff8b5ae5c7ef91e834704e672e9b",
    "https://deno.land/std@0.195.0/assert/assert_not_equals.ts": "9f1acab95bd1f5fc9a1b17b8027d894509a745d91bac1718fdab51dc76831754",
    "https://deno.land/std@0.195.0/assert/assert_not_instance_of.ts": "0c14d3dfd9ab7a5276ed8ed0b18c703d79a3d106102077ec437bfe7ed912bd22",
    "https://deno.land/std@0.195.0/assert/assert_not_match.ts": "3796a5b0c57a1ce6c1c57883dd4286be13a26f715ea662318ab43a8491a13ab0",
    "https://deno.land/std@0.195.0/assert/assert_not_strict_equals.ts": "ca6c6d645e95fbc873d25320efeb8c4c6089a9a5e09f92d7c1c4b6e935c2a6ad",
    "https://deno.land/std@0.195.0/assert/assert_object_match.ts": "27439c4f41dce099317566144299468ca822f556f1cc697f4dc8ed61fe9fee4c",
    "https://deno.land/std@0.195.0/assert/assert_rejects.ts": "45c59724de2701e3b1f67c391d6c71c392363635aad3f68a1b3408f9efca0057",
    "https://deno.land/std@0.195.0/assert/assert_strict_equals.ts": "5cf29b38b3f8dece95287325723272aa04e04dbf158d886d662fa594fddc9ed3",
    "https://deno.land/std@0.195.0/assert/assert_string_includes.ts": "b821d39ebf5cb0200a348863c86d8c4c4b398e02012ce74ad15666fc4b631b0c",
    "https://deno.land/std@0.195.0/assert/assert_throws.ts": "63784e951475cb7bdfd59878cd25a0931e18f6dc32a6077c454b2cd94f4f4bcd",
    "https://deno.land/std@0.195.0/assert/assertion_error.ts": "4d0bde9b374dfbcbe8ac23f54f567b77024fb67dbb1906a852d67fe050d42f56",
    "https://deno.land/std@0.195.0/assert/equal.ts": "9f1a46d5993966d2596c44e5858eec821859b45f783a5ee2f7a695dfc12d8ece",
    "https://deno.land/std@0.195.0/assert/fail.ts": "c36353d7ae6e1f7933d45f8ea51e358c8c4b67d7e7502028598fe1fea062e278",
    "https://deno.land/std@0.195.0/assert/mod.ts": "08d55a652c22c5da0215054b21085cec25a5da47ce4a6f9de7d9ad36df35bdee",
    "https://deno.land/std@0.195.0/assert/unimplemented.ts": "d56fbeecb1f108331a380f72e3e010a1f161baa6956fd0f7cf3e095ae1a4c75a",
    "https://deno.land/std@0.195.0/assert/unreachable.ts": "4600dc0baf7d9c15a7f7d234f00c23bca8f3eba8b140286aaca7aa998cf9a536",
    "https://deno.land/std@0.195.0/fmt/colors.ts": "a7eecffdf3d1d54db890723b303847b6e0a1ab4b528ba6958b8f2e754cf1b3bc",
    "https://deno.land/std@0.195.0/testing/_test_suite.ts": "30f018feeb3835f12ab198d8a518f9089b1bcb2e8c838a8b615ab10d5005465c",
    "https://deno.land/std@0.195.0/testing/bdd.ts": "3f446df5ef8e856a869e8eec54c8482590415741ff0b6358a00c43486cc15769",
    "https://deno.land/std@0.200.0/assert/_constants.ts": "8a9da298c26750b28b326b297316cdde860bc237533b07e1337c021379e6b2a9",
    "https://deno.land/std@0.200.0/assert/_diff.ts": "1a3c044aedf77647d6cac86b798c6417603361b66b54c53331b312caeb447aea",
    "https://deno.land/std@0.200.0/assert/_format.ts": "a69126e8a469009adf4cf2a50af889aca364c349797e63174884a52ff75cf4c7",
    "https://deno.land/std@0.200.0/assert/assert.ts": "9a97dad6d98c238938e7540736b826440ad8c1c1e54430ca4c4e623e585607ee",
    "https://deno.land/std@0.200.0/assert/assert_almost_equals.ts": "e15ca1f34d0d5e0afae63b3f5d975cbd18335a132e42b0c747d282f62ad2cd6c",
    "https://deno.land/std@0.200.0/assert/assert_array_includes.ts": "6856d7f2c3544bc6e62fb4646dfefa3d1df5ff14744d1bca19f0cbaf3b0d66c9",
    "https://deno.land/std@0.200.0/assert/assert_equals.ts": "d8ec8a22447fbaf2fc9d7c3ed2e66790fdb74beae3e482855d75782218d68227",
    "https://deno.land/std@0.200.0/assert/assert_exists.ts": "407cb6b9fb23a835cd8d5ad804e2e2edbbbf3870e322d53f79e1c7a512e2efd7",
    "https://deno.land/std@0.200.0/assert/assert_false.ts": "a9962749f4bf5844e3fa494257f1de73d69e4fe0e82c34d0099287552163a2dc",
    "https://deno.land/std@0.200.0/assert/assert_instance_of.ts": "09fd297352a5b5bbb16da2b5e1a0d8c6c44da5447772648622dcc7df7af1ddb8",
    "https://deno.land/std@0.200.0/assert/assert_is_error.ts": "b4eae4e5d182272efc172bf28e2e30b86bb1650cd88aea059e5d2586d4160fb9",
    "https://deno.land/std@0.200.0/assert/assert_match.ts": "c4083f80600bc190309903c95e397a7c9257ff8b5ae5c7ef91e834704e672e9b",
    "https://deno.land/std@0.200.0/assert/assert_not_equals.ts": "9f1acab95bd1f5fc9a1b17b8027d894509a745d91bac1718fdab51dc76831754",
    "https://deno.land/std@0.200.0/assert/assert_not_instance_of.ts": "0c14d3dfd9ab7a5276ed8ed0b18c703d79a3d106102077ec437bfe7ed912bd22",
    "https://deno.land/std@0.200.0/assert/assert_not_match.ts": "3796a5b0c57a1ce6c1c57883dd4286be13a26f715ea662318ab43a8491a13ab0",
    "https://deno.land/std@0.200.0/assert/assert_not_strict_equals.ts": "ca6c6d645e95fbc873d25320efeb8c4c6089a9a5e09f92d7c1c4b6e935c2a6ad",
    "https://deno.land/std@0.200.0/assert/assert_object_match.ts": "d8fc2867cfd92eeacf9cea621e10336b666de1874a6767b5ec48988838370b54",
    "https://deno.land/std@0.200.0/assert/assert_rejects.ts": "45c59724de2701e3b1f67c391d6c71c392363635aad3f68a1b3408f9efca0057",
    "https://deno.land/std@0.200.0/assert/assert_strict_equals.ts": "b1f538a7ea5f8348aeca261d4f9ca603127c665e0f2bbfeb91fa272787c87265",
    "https://deno.land/std@0.200.0/assert/assert_string_includes.ts": "b821d39ebf5cb0200a348863c86d8c4c4b398e02012ce74ad15666fc4b631b0c",
    "https://deno.land/std@0.200.0/assert/assert_throws.ts": "63784e951475cb7bdfd59878cd25a0931e18f6dc32a6077c454b2cd94f4f4bcd",
    "https://deno.land/std@0.200.0/assert/assertion_error.ts": "4d0bde9b374dfbcbe8ac23f54f567b77024fb67dbb1906a852d67fe050d42f56",
    "https://deno.land/std@0.200.0/assert/equal.ts": "9f1a46d5993966d2596c44e5858eec821859b45f783a5ee2f7a695dfc12d8ece",
    "https://deno.land/std@0.200.0/assert/fail.ts": "c36353d7ae6e1f7933d45f8ea51e358c8c4b67d7e7502028598fe1fea062e278",
    "https://deno.land/std@0.200.0/assert/mod.ts": "08d55a652c22c5da0215054b21085cec25a5da47ce4a6f9de7d9ad36df35bdee",
    "https://deno.land/std@0.200.0/assert/unimplemented.ts": "d56fbeecb1f108331a380f72e3e010a1f161baa6956fd0f7cf3e095ae1a4c75a",
    "https://deno.land/std@0.200.0/assert/unreachable.ts": "4600dc0baf7d9c15a7f7d234f00c23bca8f3eba8b140286aaca7aa998cf9a536",
    "https://deno.land/std@0.200.0/fmt/colors.ts": "a7eecffdf3d1d54db890723b303847b6e0a1ab4b528ba6958b8f2e754cf1b3bc",
    "https://deno.land/x/b64@1.1.27/src/base64.js": "9e10b98e4203d030bc913913a2e4683b4842aff337bc9ec2643a28dfe04b5fc4",
    "https://deno.land/x/cbor@v1.5.2/decode.js": "ab5518450c1cc3d8e3be7a772de8008d2a4f92626630eed6fabd66a25f565526",
    "https://deno.land/x/cbor@v1.5.2/encode.js": "80da1bb1c2936bba0b53e7e0945d73c5a55ed62ea659cf3d785514310b4e3d37",
    "https://deno.land/x/cbor@v1.5.2/index.js": "cc8678819d77aa34b6fa9293658d85d5e53e53eaf555f85b0f98a8a18dbfaa12",
    "https://deno.land/x/cbor@v1.5.2/iterators.js": "744e0469fe37c33bab3787608ced2f2cda014cb9352b3adbd949a2701f043aea",
    "https://deno.land/x/hono@v3.5.6/client/utils.ts": "053273c002963b549d38268a1b423ac8ca211a8028bdab1ed0b781a62aa5e661",
    "https://deno.land/x/simplewebauthn@v8.1.0/deno/server.ts": "d5fb66d4a73c20435f33105dad7f41a02fa156fcfde2efb4a035788cceacbcce",
    "https://deno.land/x/simplewebauthn@v8.1.0/packages/server/src/authentication/generateAuthenticationOptions.ts": "725838900837deb1065163a52db5b8625675f61e610930b64d1e0448bbd7af42",
    "https://deno.land/x/simplewebauthn@v8.1.0/packages/server/src/authentication/verifyAuthenticationResponse.ts": "5f9def29ece770b332c1f786dafed4f03e9dba42dd23a2412d988e91e6e9d7c7",
    "https://deno.land/x/simplewebauthn@v8.1.0/packages/server/src/deps.ts": "3bfe1999edcf717b7c44115605bb5270bc91f1f59e191b24d764cd3895053c62",
    "https://deno.land/x/simplewebauthn@v8.1.0/packages/server/src/helpers/convertAAGUIDToString.ts": "fe81f111f9e471c70137735136c74655cd3f43571210b9bdb37138aec525239c",
    "https://deno.land/x/simplewebauthn@v8.1.0/packages/server/src/helpers/convertCOSEtoPKCS.ts": "5f5bb74506ebf7adb1f715228ed1b80eba88e164745750815a0022f4057d826e",
    "https://deno.land/x/simplewebauthn@v8.1.0/packages/server/src/helpers/convertCertBufferToPEM.ts": "ba88dfae82dbf0b33a09253f3e36fec4ea4cac3502620a59352fa358263315be",
    "https://deno.land/x/simplewebauthn@v8.1.0/packages/server/src/helpers/convertPEMToBytes.ts": "15703899b7281329714a041c63a2b00ca3595dc9dacfcd6392feca12717cd710",
    "https://deno.land/x/simplewebauthn@v8.1.0/packages/server/src/helpers/convertX509PublicKeyToCOSE.ts": "878811cdc41e83bd8dc1c68c151c0858d68f93eb89456d89221c95b583f9c066",
    "https://deno.land/x/simplewebauthn@v8.1.0/packages/server/src/helpers/cose.ts": "ec3fd62d5037e58d57ab5594780a45d7f4eb9daf2ada0dfbd8f657b7e2b500e5",
    "https://deno.land/x/simplewebauthn@v8.1.0/packages/server/src/helpers/decodeAttestationObject.ts": "bfc47ef24cce4d52a7fcab3c329089be3f4445b79e999696e1d0cd273c45e91c",
    "https://deno.land/x/simplewebauthn@v8.1.0/packages/server/src/helpers/decodeAuthenticatorExtensions.ts": "dcebe88c914888c6bd04ad43b8a655a619d3eceba5af26d015aea634f6504367",
    "https://deno.land/x/simplewebauthn@v8.1.0/packages/server/src/helpers/decodeClientDataJSON.ts": "3269e45463d9c6a53056ce641e656ffdfe1a0947dde30239e7495a75af4ac6cc",
    "https://deno.land/x/simplewebauthn@v8.1.0/packages/server/src/helpers/decodeCredentialPublicKey.ts": "e0fb424a46b2748b42c701a6df12bcfbb9884b9dd68d40d36525f2a9f35f6de6",
    "https://deno.land/x/simplewebauthn@v8.1.0/packages/server/src/helpers/fetch.ts": "b499cef15c269b1a917e50ac6aaabcbedfb560658046c30e75606b9eee650512",
    "https://deno.land/x/simplewebauthn@v8.1.0/packages/server/src/helpers/generateChallenge.ts": "8aa11e3754386df0dc41894f6c51d22f99a84686554c63179e014082a4c4ff1d",
    "https://deno.land/x/simplewebauthn@v8.1.0/packages/server/src/helpers/getCertificateInfo.ts": "c8b15bd1286a22ef8ec5b4738ad87e5d804e9694e96998c1075230cd246424e8",
    "https://deno.land/x/simplewebauthn@v8.1.0/packages/server/src/helpers/index.ts": "cf0fdf489afae6c8180bf29cffba31b8289d070ab94e2e3446d257112947a5dd",
    "https://deno.land/x/simplewebauthn@v8.1.0/packages/server/src/helpers/isCertRevoked.ts": "29c4bbb8df05fb6f8d4401fab22c8f02ec477bd4cc00146a26fbc96e3caac6f7",
    "https://deno.land/x/simplewebauthn@v8.1.0/packages/server/src/helpers/iso/index.ts": "3784b094dbe78301b04a6c1748fd96d1ad1f1e0aa5a9e305178c6dd90f42e9df",
    "https://deno.land/x/simplewebauthn@v8.1.0/packages/server/src/helpers/iso/isoBase64URL.ts": "8c8cafb9efa9d513416ce2b5714e4c9c99322db3c52dd99dec982127c7fc94b5",
    "https://deno.land/x/simplewebauthn@v8.1.0/packages/server/src/helpers/iso/isoCBOR.ts": "1bee7b2c1d4d95f5bc79c9ec540e5c985a10eca0964cf4bbcc13854d4040386a",
    "https://deno.land/x/simplewebauthn@v8.1.0/packages/server/src/helpers/iso/isoCrypto/digest.ts": "d0aadc03f2009e60034b8b6f101b311ee28729abbd4ac15999a5e777f325bf07",
    "https://deno.land/x/simplewebauthn@v8.1.0/packages/server/src/helpers/iso/isoCrypto/getRandomValues.ts": "e9541c19f0fb14fb02254780a53e97c991faa607d7383cafb45bb036d198986e",
    "https://deno.land/x/simplewebauthn@v8.1.0/packages/server/src/helpers/iso/isoCrypto/getWebCrypto.ts": "f9bd208a0c37203b07caa9543cdf5b91f395b5827a15174e06e8571b88878ac5",
    "https://deno.land/x/simplewebauthn@v8.1.0/packages/server/src/helpers/iso/isoCrypto/importKey.ts": "9e8454a14a91f0c9bef68877482d644a7f6c007bee858b9c6e901e3a6aa75c42",
    "https://deno.land/x/simplewebauthn@v8.1.0/packages/server/src/helpers/iso/isoCrypto/index.ts": "b150779bfc29c6f034424f083aa6308d6f16de7bcbef89cae504d1cdd0123a11",
    "https://deno.land/x/simplewebauthn@v8.1.0/packages/server/src/helpers/iso/isoCrypto/mapCoseAlgToWebCryptoAlg.ts": "9569ac0fc263a5d817d07b7931db55561b1419ba1d621da4ac569ca4d3c4d7c0",
    "https://deno.land/x/simplewebauthn@v8.1.0/packages/server/src/helpers/iso/isoCrypto/mapCoseAlgToWebCryptoKeyAlgName.ts": "eb73953837c35ecb51b8247f07cb5916ed933afc5e5cccd5a671af00834dd3c3",
    "https://deno.land/x/simplewebauthn@v8.1.0/packages/server/src/helpers/iso/isoCrypto/structs.ts": "608d961cb8c28d28bba55012c8a94d77428a4437606bbd3980882db26ede4d22",
    "https://deno.land/x/simplewebauthn@v8.1.0/packages/server/src/helpers/iso/isoCrypto/unwrapEC2Signature.ts": "f039f482af27bb76bb4033aa07d6d11b77805c8553f9feec956073d8a6bc5534",
    "https://deno.land/x/simplewebauthn@v8.1.0/packages/server/src/helpers/iso/isoCrypto/verify.ts": "935d510566e83dbc7b61611dcfb8a73c8d5dd3fd381a9149ad04448cf456dd3b",
    "https://deno.land/x/simplewebauthn@v8.1.0/packages/server/src/helpers/iso/isoCrypto/verifyEC2.ts": "45ba1516ee8af53e97259e72fdad5cd75d330c4f79155ceb9af3a6046c39ac5d",
    "https://deno.land/x/simplewebauthn@v8.1.0/packages/server/src/helpers/iso/isoCrypto/verifyOKP.ts": "aabd359ddb7fb8c2f5126ba13b17524acb4571c34f2480d7605983d91c63fe91",
    "https://deno.land/x/simplewebauthn@v8.1.0/packages/server/src/helpers/iso/isoCrypto/verifyRSA.ts": "1107437956836e0efced72dc3d7a545e7aff0c7efb0c792cfe3995ec2da78cfd",
    "https://deno.land/x/simplewebauthn@v8.1.0/packages/server/src/helpers/iso/isoUint8Array.ts": "831458ebeeec60baced0b3fb8417f2984f87a514fae6804c9264e3bc203be6de",
    "https://deno.land/x/simplewebauthn@v8.1.0/packages/server/src/helpers/logging.ts": "3a0ede876f1625a9795c9e35429ffe8d3a5821dbab1126e2e4c2ebb9256d9946",
    "https://deno.land/x/simplewebauthn@v8.1.0/packages/server/src/helpers/mapX509SignatureAlgToCOSEAlg.ts": "3f3fd252841cdca24d9675b01ff7f8ddde1bddaa773d300654f29c01eb596e6b",
    "https://deno.land/x/simplewebauthn@v8.1.0/packages/server/src/helpers/matchExpectedRPID.ts": "cdf33833c239df6d1b4d798d15e9c97f668c8a4fcfc801bf382f4d7e5c1fd6c2",
    "https://deno.land/x/simplewebauthn@v8.1.0/packages/server/src/helpers/parseAuthenticatorData.ts": "3b231083dd66a8abc97aca427e0be8beb67ea71248546742f20e2c5ad18b0805",
    "https://deno.land/x/simplewebauthn@v8.1.0/packages/server/src/helpers/parseBackupFlags.ts": "9947faa40fc6804ccf591889e0256c7cee2f5684198ccf74bf9ce76bddd04cbf",
    "https://deno.land/x/simplewebauthn@v8.1.0/packages/server/src/helpers/toHash.ts": "e376dc4d5843b57dbb00ca13d0957d7c3779441753445e74dd02f78e81c73433",
    "https://deno.land/x/simplewebauthn@v8.1.0/packages/server/src/helpers/validateCertificatePath.ts": "c99e02bff67aae47ba6e4367ae9b5802651cbd96d075a191c2f25f319fa2cd7c",
    "https://deno.land/x/simplewebauthn@v8.1.0/packages/server/src/helpers/verifySignature.ts": "d7c86bbacd88d48c0a4f4c14956940121e8222cab95f058ff74602dc5e613bbf",
    "https://deno.land/x/simplewebauthn@v8.1.0/packages/server/src/index.ts": "a2f3501cc9a8a7dc375bb809b424c0f926d211ba8dde68984200f87d20d6ff9f",
    "https://deno.land/x/simplewebauthn@v8.1.0/packages/server/src/metadata/parseJWT.ts": "8b2232454095d74175e7e8ebd1471e91a70097287175b51ca45cda7c1a00a700",
    "https://deno.land/x/simplewebauthn@v8.1.0/packages/server/src/metadata/verifyAttestationWithMetadata.ts": "b67f5870a58fdf5eac1a7d19b7f766aa184afea531e661815b5db867a93c26ad",
    "https://deno.land/x/simplewebauthn@v8.1.0/packages/server/src/metadata/verifyJWT.ts": "9e8e9109423f57b78668a4cc0240eb704d25719884d8aabfec517ce1e9497507",
    "https://deno.land/x/simplewebauthn@v8.1.0/packages/server/src/registration/generateRegistrationOptions.ts": "c5ab2729054e7b6a6b7c7eb56310c1f74cf79b2539e956c55f97b58484bb7348",
    "https://deno.land/x/simplewebauthn@v8.1.0/packages/server/src/registration/verifications/tpm/constants.ts": "2fe2d47df17d6562fa40a192f69e54ae6603e0502972bdf33d17a66a0d8d7810",
    "https://deno.land/x/simplewebauthn@v8.1.0/packages/server/src/registration/verifications/tpm/parseCertInfo.ts": "4bb59004c0c5ac5a2b77634e5d05913cb8bbadb6085003cacb2ef0acf338324b",
    "https://deno.land/x/simplewebauthn@v8.1.0/packages/server/src/registration/verifications/tpm/parsePubArea.ts": "da01b78133df3336aa183948736a5acea0ac79405566160a01156986bb4f3470",
    "https://deno.land/x/simplewebauthn@v8.1.0/packages/server/src/registration/verifications/tpm/verifyAttestationTPM.ts": "8fb24a42e867803bb1513d4dd8e242f4c525f1a27fb1e6f90d1416ba8c6f4ec2",
    "https://deno.land/x/simplewebauthn@v8.1.0/packages/server/src/registration/verifications/verifyAttestationAndroidKey.ts": "fd7b4a8c543919c2731131a16ed04fe23906502d12e6c1c8dd3bfd270bf54bb7",
    "https://deno.land/x/simplewebauthn@v8.1.0/packages/server/src/registration/verifications/verifyAttestationAndroidSafetyNet.ts": "2a58ccee4d46d23ab2b4aa07715e9f717745492f0e81b38426d0a05353f1d0a6",
    "https://deno.land/x/simplewebauthn@v8.1.0/packages/server/src/registration/verifications/verifyAttestationApple.ts": "423b77664a95e55d2d84805049d2c941d36ad67f28392914b2d930914f3779bb",
    "https://deno.land/x/simplewebauthn@v8.1.0/packages/server/src/registration/verifications/verifyAttestationFIDOU2F.ts": "ae088ac53b781855702c51d97f6c8346e9e0b1252adeab7731fa502f48fb80eb",
    "https://deno.land/x/simplewebauthn@v8.1.0/packages/server/src/registration/verifications/verifyAttestationPacked.ts": "dbcdf4de0ba633db89d04a00070d2a230286e0fc2c6627010340a5d0f2c868ca",
    "https://deno.land/x/simplewebauthn@v8.1.0/packages/server/src/registration/verifyRegistrationResponse.ts": "74c5cad6b89126d88129e474e1bdc0b64df3f1b7ba829938443b0b71ebf9d262",
    "https://deno.land/x/simplewebauthn@v8.1.0/packages/server/src/services/defaultRootCerts/android-key.ts": "3c3d0ef780cb6718178e25c77de5fb2cb6911eb1d91ff9648b7e470de8c0c3af",
    "https://deno.land/x/simplewebauthn@v8.1.0/packages/server/src/services/defaultRootCerts/android-safetynet.ts": "19979981d707f6b1507b87ffc0a5f37dfabcdd10cdb239f0a10c2afbf862099e",
    "https://deno.land/x/simplewebauthn@v8.1.0/packages/server/src/services/defaultRootCerts/apple.ts": "da104fff89ac80b264078ae2c669f28bf122ac68d2a108f731265e2767acabbe",
    "https://deno.land/x/simplewebauthn@v8.1.0/packages/server/src/services/defaultRootCerts/mds.ts": "b20054c27a1f98aff9f3eef6a3fb2e9bd2c3c4e5fab8814800e002bd96e771ff",
    "https://deno.land/x/simplewebauthn@v8.1.0/packages/server/src/services/metadataService.ts": "787e965a8dceb915194bbe9cc1c00b32fd4e0737eba37fc1071017b0c0ad452b",
    "https://deno.land/x/simplewebauthn@v8.1.0/packages/server/src/services/settingsService.ts": "0c26df6d75fb5cf0532027a9463ff25d2d4af4dcc153f9d02f0d5c4b8f9b45f6",
    "https://deno.land/x/tiny_cbor@0.2.1/cbor/cbor.ts": "9436942029f3f65866251f9bd4defe36228ab75cf096966d21df68e5ee2bdb02",
    "https://deno.land/x/tiny_cbor@0.2.1/cbor/cbor_internal.ts": "0cde2b1d2cb08503b6f44c1789736376eac2f5d0ed10db9f73b16caa356c8bd7",
    "https://deno.land/x/tiny_cbor@0.2.1/index.ts": "a45c8abd3874ab05dea33af17b2da88376364d6966fcbf2c5da5520a0a9b9d98",
    "https://deno.land/x/tiny_cose@0.0.3/src/constants.ts": "b024575ace4da616f526cd6c5f799eacc42c69429569f3bfd70928e672e7ad44",
    "https://deno.land/x/tiny_cose@0.0.3/src/types.ts": "87bd580bc86a8010dd0a2b5b1aa0d835f69da157a6adfa3e3245bd6105ed7379",
    "https://deno.land/x/tiny_cose@0.0.4/src/constants.ts": "b024575ace4da616f526cd6c5f799eacc42c69429569f3bfd70928e672e7ad44",
    "https://deno.land/x/tiny_cose@0.0.4/src/deps.ts": "85e5135c298a189396ba3d4016aefa70bb2c76d0457baa76841d0190d2e8f49b",
    "https://deno.land/x/tiny_cose@0.0.4/src/index.ts": "de4398c3e6478efe0ccefd07b63fab777d659248356e3fc3ede9b0b41721ec41",
    "https://deno.land/x/tiny_cose@0.0.4/src/keys.ts": "54ee1b59cc9fb228a6d845c4b0c4dfa8c722133bc6e0798818cb297cc8602291",
    "https://deno.land/x/tiny_cose@0.0.4/src/parse.ts": "1599ec41cce6b2ab666bb3dbb5197e97d4c97c99871736dbdfe3bed01740a371",
    "https://deno.land/x/tiny_cose@0.0.4/src/types.ts": "87bd580bc86a8010dd0a2b5b1aa0d835f69da157a6adfa3e3245bd6105ed7379",
    "https://deno.land/x/tiny_cose@0.0.5/src/constants.ts": "b024575ace4da616f526cd6c5f799eacc42c69429569f3bfd70928e672e7ad44",
    "https://deno.land/x/tiny_cose@0.0.5/src/deps.ts": "85e5135c298a189396ba3d4016aefa70bb2c76d0457baa76841d0190d2e8f49b",
    "https://deno.land/x/tiny_cose@0.0.5/src/index.ts": "c6ff7e370021624a1df8b595d7297d3cfaed8b61d2ebc9bb311cda0a589a2aff",
    "https://deno.land/x/tiny_cose@0.0.5/src/keys.ts": "2cca6dd7f5d79d518fc7351c29efe70255f743d365ab973ad24e80bcfb471676",
    "https://deno.land/x/tiny_cose@0.0.5/src/parse.ts": "d903152215cdd5cf9b4e88479d5d12473ed5419d62234075e1e588a1111ab8e1",
    "https://deno.land/x/tiny_cose@0.0.5/src/types.ts": "87bd580bc86a8010dd0a2b5b1aa0d835f69da157a6adfa3e3245bd6105ed7379",
    "https://deno.land/x/tiny_cose@0.0.6/src/constants.ts": "b024575ace4da616f526cd6c5f799eacc42c69429569f3bfd70928e672e7ad44",
    "https://deno.land/x/tiny_cose@0.0.6/src/deps.ts": "85e5135c298a189396ba3d4016aefa70bb2c76d0457baa76841d0190d2e8f49b",
    "https://deno.land/x/tiny_cose@0.0.6/src/index.ts": "c6ff7e370021624a1df8b595d7297d3cfaed8b61d2ebc9bb311cda0a589a2aff",
    "https://deno.land/x/tiny_cose@0.0.6/src/keys.ts": "7a7365431936c52b74e574759515575113038145f05402069fcc6decf1d057a8",
    "https://deno.land/x/tiny_cose@0.0.6/src/parse.ts": "204d5fe491b554023c3c060aad350a6a7880c41dd135baf2d1c009d9c4f10506",
    "https://deno.land/x/tiny_cose@0.0.6/src/types.ts": "87bd580bc86a8010dd0a2b5b1aa0d835f69da157a6adfa3e3245bd6105ed7379",
    "https://deno.land/x/tiny_encodings@0.2.1/encoding.ts": "7ebf110f8f358e538062a0d7a0ff70ce0b0dea125671ae92602ef2bb0da4fd9a",
    "https://deno.land/x/tiny_encodings@0.2.1/endianness.ts": "921fb9b0b18161b2df7c975e9c38d8cafe6b5a3cedf041ced5067857fe9d22b9",
    "https://deno.land/x/tiny_encodings@0.2.1/endianness_internal.ts": "ff50083a1fb88a2c49aa040975774fbab4308ee1a03d583755e87f5a67c8b529",
    "https://deno.land/x/tiny_encodings@0.2.1/index.ts": "6da8b2c603f286c98f41bebde121b11335c5a299d6edc45bfc99897e37f88912",
    "https://deno.land/x/tiny_encodings@0.2.1/internal.ts": "58b4634b18877d01f02475114370dd3ec03124f2d763f56c31647e43a437b23c",
    "https://deno.land/x/xhr@0.3.0/mod.ts": "094aacd627fd9635cd942053bf8032b5223b909858fa9dc8ffa583752ff63b20",
    "https://esm.sh/@peculiar/asn1-android@2.3.6": "ad561af8e9c98ca24edea2a06b78126388d30e8d7563aa8ff019539e63ad1409",
    "https://esm.sh/@peculiar/asn1-ecc@2.3.6": "09b28e664b009f8682fbbc6bfaae9c6738ede103cc7eb2250304687fc611cb45",
    "https://esm.sh/@peculiar/asn1-rsa@2.3.6": "28c4bbbc2cdde75e0899a0a97b1d332be7f60c1b096c43749cc9f02b248be025",
    "https://esm.sh/@peculiar/asn1-schema@2.3.6": "c19e745f7409b7f09be724c8b6a9e58b0399f5c58d86290a1a44bac2285991d5",
    "https://esm.sh/@peculiar/asn1-x509@2.3.6": "38b5e7aa6ba5da5c13cc20550d35bbe8190738b34436faf4c2f3b1f81588a4ca",
    "https://esm.sh/cross-fetch@4.0.0": "c7c8c2e11976c1815ac47c08e8195a674513c4b82df0dcc296e759ceaf8f8c21",
    "https://esm.sh/debug@4.3.4": "c6bcd0430fb5d0a499bbacce8bbe8f051616cda3c0696337b0749247e451f0db",
    "https://esm.sh/v131/@peculiar/asn1-android@2.3.6/denonext/asn1-android.mjs": "34764b794e10675a2567bbe7bdc7fde073353e8abc413fbcd9c3fde2ed1c5c3b",
    "https://esm.sh/v131/@peculiar/asn1-ecc@2.3.6/denonext/asn1-ecc.mjs": "be8ea819764a103e2ba44c38764079d760a1568fbb54b26bc402d2ce471a8ff7",
    "https://esm.sh/v131/@peculiar/asn1-rsa@2.3.6/denonext/asn1-rsa.mjs": "728598dab7aa294feb67304a87d21e854050b29f72c7230f45fd798b1fcf8e86",
    "https://esm.sh/v131/@peculiar/asn1-schema@2.3.6/denonext/asn1-schema.mjs": "04aed5d13f20547dae79896a6d50797e08fe3c6b1de529f756f48a6da591a66e",
    "https://esm.sh/v131/@peculiar/asn1-x509@2.3.6/denonext/asn1-x509.mjs": "fb3dc85d465d8b7594ba9ae91c109143e330af6c2ef814d3d112ab7d63417450",
    "https://esm.sh/v131/asn1js@3.0.5/denonext/asn1js.mjs": "c430a2ca4adfbb1d38611c8d3b1c040aefa7d9bafd7d15f552667026427a88b7",
    "https://esm.sh/v131/cross-fetch@4.0.0/denonext/cross-fetch.mjs": "238eae32034ab217cdbef10b812c7357f61ab2730c58207f4cf9135e9dec7a61",
    "https://esm.sh/v131/debug@4.3.4/denonext/debug.mjs": "892826bb4505deb6337df2f0f72b1e355e5377e702dd739b78774539d7482f5c",
    "https://esm.sh/v131/ipaddr.js@2.1.0/denonext/ipaddr.mjs": "214c1ee845e73e7c51ba673b36e7e6b9c5d8e8fb1fc19443444ad9cec44adf7e",
    "https://esm.sh/v131/ms@2.1.2/denonext/ms.mjs": "aa4dc45ba72554c5011168f8910cc646c37af53cfff1a15a4decced838b8eb14",
    "https://esm.sh/v131/pvtsutils@1.3.2/denonext/pvtsutils.mjs": "1018ae12b1c67a8a314a265834bf3a7252c2105611a6699f215b543ee7f006b0",
    "https://esm.sh/v131/pvutils@1.1.3/denonext/pvutils.mjs": "ad156a239ec0f1aa99f123fab44abc292c87d4fd6969d7af264436630457523c",
    "https://esm.sh/v131/tslib@2.6.1/denonext/tslib.mjs": "4694ecbc32a05aa4a37497b65f3e55018c24b2a4e4f05462a7746fc4850b4791"
  }
}
